
Microsoft Visual Studio Solution File, Format Version 12.00
# Visual Studio Version 17
VisualStudioVersion = 17.14.36930.0
MinimumVisualStudioVersion = 10.0.40219.1
Project("{FAE04EC0-301F-11D3-BF4B-00C04F79EFBC}") = "MedInventory.API", "MedInventory.API\MedInventory.API.csproj", "{092DDC6C-5C98-44F5-A3B3-0B05FE2FA87B}"
EndProject
Project("{FAE04EC0-301F-11D3-BF4B-00C04F79EFBC}") = "MedInventory.Domain", "MedInventory.Domain\MedInventory.Domain.csproj", "{D6E6715C-EB16-4AED-8011-D8F3E3B91C5A}"
EndProject
Project("{FAE04EC0-301F-11D3-BF4B-00C04F79EFBC}") = "MedInventory.Application", "MedInventory.Application\MedInventory.Application.csproj", "{555AB39A-68E2-4F4F-9EF5-F6A7C2588878}"
EndProject
Project("{FAE04EC0-301F-11D3-BF4B-00C04F79EFBC}") = "MedInventory.Infrastructure", "MedInventory.Infrastructure\MedInventory.Infrastructure.csproj", "{A1CF6C52-F1A5-4850-A03C-DE329BE9A5C2}"
EndProject
Global
	GlobalSection(SolutionConfigurationPlatforms) = preSolution
		Debug|Any CPU = Debug|Any CPU
		Release|Any CPU = Release|Any CPU
	EndGlobalSection
	GlobalSection(ProjectConfigurationPlatforms) = postSolution
		{092DDC6C-5C98-44F5-A3B3-0B05FE2FA87B}.Debug|Any CPU.ActiveCfg = Debug|Any CPU
		{092DDC6C-5C98-44F5-A3B3-0B05FE2FA87B}.Debug|Any CPU.Build.0 = Debug|Any CPU
		{092DDC6C-5C98-44F5-A3B3-0B05FE2FA87B}.Release|Any CPU.ActiveCfg = Release|Any CPU
		{092DDC6C-5C98-44F5-A3B3-0B05FE2FA87B}.Release|Any CPU.Build.0 = Release|Any CPU
		{D6E6715C-EB16-4AED-8011-D8F3E3B91C5A}.Debug|Any CPU.ActiveCfg = Debug|Any CPU
		{D6E6715C-EB16-4AED-8011-D8F3E3B91C5A}.Debug|Any CPU.Build.0 = Debug|Any CPU
		{D6E6715C-EB16-4AED-8011-D8F3E3B91C5A}.Release|Any CPU.ActiveCfg = Release|Any CPU
		{D6E6715C-EB16-4AED-8011-D8F3E3B91C5A}.Release|Any CPU.Build.0 = Release|Any CPU
		{555AB39A-68E2-4F4F-9EF5-F6A7C2588878}.Debug|Any CPU.ActiveCfg = Debug|Any CPU
		{555AB39A-68E2-4F4F-9EF5-F6A7C2588878}.Debug|Any CPU.Build.0 = Debug|Any CPU
		{555AB39A-68E2-4F4F-9EF5-F6A7C2588878}.Release|Any CPU.ActiveCfg = Release|Any CPU
		{555AB39A-68E2-4F4F-9EF5-F6A7C2588878}.Release|Any CPU.Build.0 = Release|Any CPU
		{A1CF6C52-F1A5-4850-A03C-DE329BE9A5C2}.Debug|Any CPU.ActiveCfg = Debug|Any CPU
		{A1CF6C52-F1A5-4850-A03C-DE329BE9A5C2}.Debug|Any CPU.Build.0 = Debug|Any CPU
		{A1CF6C52-F1A5-4850-A03C-DE329BE9A5C2}.Release|Any CPU.ActiveCfg = Release|Any CPU
		{A1CF6C52-F1A5-4850-A03C-DE329BE9A5C2}.Release|Any CPU.Build.0 = Release|Any CPU
	EndGlobalSection
	GlobalSection(SolutionProperties) = preSolution
		HideSolutionNode = FALSE
	EndGlobalSection
	GlobalSection(ExtensibilityGlobals) = postSolution
		SolutionGuid = {2292A028-04C8-42E4-AB67-677442446B85}
	EndGlobalSection
EndGlobal
